
Microsoft Visual Studio Solution File, Format Version 12.00
# Visual Studio Version 17
VisualStudioVersion = 17.2.32616.157
MinimumVisualStudioVersion = 10.0.40219.1
Project("{9A19103F-16F7-4668-BE54-9A1E7A4F7556}") = "CalculatorWebApi", "CalculatorWebApi\CalculatorWebApi.csproj", "{C0DE7DE9-F945-4BE5-9D67-7787BEECB3F5}"
EndProject
Project("{FAE04EC0-301F-11D3-BF4B-00C04F79EFBC}") = "Calculator-Logic", "Calculator-Logic\Calculator-Logic.csproj", "{7142A462-54CB-45C9-ADF4-A96F093B76ED}"
EndProject
Project("{FAE04EC0-301F-11D3-BF4B-00C04F79EFBC}") = "Calculator-Test", "Calculator-Test\Calculator-Test.csproj", "{6E86B1E6-12E5-4DE9-AEC3-FA76D310ABA9}"
EndProject
Global
	GlobalSection(SolutionConfigurationPlatforms) = preSolution
		Debug|Any CPU = Debug|Any CPU
		Release|Any CPU = Release|Any CPU
	EndGlobalSection
	GlobalSection(ProjectConfigurationPlatforms) = postSolution
		{C0DE7DE9-F945-4BE5-9D67-7787BEECB3F5}.Debug|Any CPU.ActiveCfg = Debug|Any CPU
		{C0DE7DE9-F945-4BE5-9D67-7787BEECB3F5}.Debug|Any CPU.Build.0 = Debug|Any CPU
		{C0DE7DE9-F945-4BE5-9D67-7787BEECB3F5}.Release|Any CPU.ActiveCfg = Release|Any CPU
		{C0DE7DE9-F945-4BE5-9D67-7787BEECB3F5}.Release|Any CPU.Build.0 = Release|Any CPU
		{7142A462-54CB-45C9-ADF4-A96F093B76ED}.Debug|Any CPU.ActiveCfg = Debug|Any CPU
		{7142A462-54CB-45C9-ADF4-A96F093B76ED}.Debug|Any CPU.Build.0 = Debug|Any CPU
		{7142A462-54CB-45C9-ADF4-A96F093B76ED}.Release|Any CPU.ActiveCfg = Release|Any CPU
		{7142A462-54CB-45C9-ADF4-A96F093B76ED}.Release|Any CPU.Build.0 = Release|Any CPU
		{6E86B1E6-12E5-4DE9-AEC3-FA76D310ABA9}.Debug|Any CPU.ActiveCfg = Debug|Any CPU
		{6E86B1E6-12E5-4DE9-AEC3-FA76D310ABA9}.Debug|Any CPU.Build.0 = Debug|Any CPU
		{6E86B1E6-12E5-4DE9-AEC3-FA76D310ABA9}.Release|Any CPU.ActiveCfg = Release|Any CPU
		{6E86B1E6-12E5-4DE9-AEC3-FA76D310ABA9}.Release|Any CPU.Build.0 = Release|Any CPU
	EndGlobalSection
	GlobalSection(SolutionProperties) = preSolution
		HideSolutionNode = FALSE
	EndGlobalSection
	GlobalSection(ExtensibilityGlobals) = postSolution
		SolutionGuid = {D271A4E9-3BF7-4524-8AFA-AD55AADDA7B1}
	EndGlobalSection
EndGlobal
